
Microsoft Visual Studio Solution File, Format Version 12.00
# Visual Studio 14
VisualStudioVersion = 14.0.24720.0
MinimumVisualStudioVersion = 10.0.40219.1
Project("{FAE04EC0-301F-11D3-BF4B-00C04F79EFBC}") = "BrainFuck", "BrainFuck\BrainFuck.csproj", "{6480FB24-78F4-4078-AA36-14AA6A1E99B9}"
EndProject
Global
	GlobalSection(SolutionConfigurationPlatforms) = preSolution
		Debug|Any CPU = Debug|Any CPU
		Release|Any CPU = Release|Any CPU
		Test|Any CPU = Test|Any CPU
	EndGlobalSection
	GlobalSection(ProjectConfigurationPlatforms) = postSolution
		{6480FB24-78F4-4078-AA36-14AA6A1E99B9}.Debug|Any CPU.ActiveCfg = Debug|Any CPU
		{6480FB24-78F4-4078-AA36-14AA6A1E99B9}.Debug|Any CPU.Build.0 = Debug|Any CPU
		{6480FB24-78F4-4078-AA36-14AA6A1E99B9}.Release|Any CPU.ActiveCfg = Release|Any CPU
		{6480FB24-78F4-4078-AA36-14AA6A1E99B9}.Release|Any CPU.Build.0 = Release|Any CPU
		{6480FB24-78F4-4078-AA36-14AA6A1E99B9}.Test|Any CPU.ActiveCfg = Test|Any CPU
		{6480FB24-78F4-4078-AA36-14AA6A1E99B9}.Test|Any CPU.Build.0 = Test|Any CPU
	EndGlobalSection
	GlobalSection(SolutionProperties) = preSolution
		HideSolutionNode = FALSE
	EndGlobalSection
EndGlobal
